
Microsoft Visual Studio Solution File, Format Version 12.00
# Visual Studio Version 16
VisualStudioVersion = 16.0.31112.23
MinimumVisualStudioVersion = 10.0.40219.1
Project("{9A19103F-16F7-4668-BE54-9A1E7A4F7556}") = "Class Matrix", "Class Matrix.csproj", "{C769079B-39F6-4656-A2DC-DBA30244B1FD}"
EndProject
Project("{FAE04EC0-301F-11D3-BF4B-00C04F79EFBC}") = "7. Knight Game", "..\7. Knight Game\7. Knight Game.csproj", "{E8682930-083C-46D2-B94E-50996BE41D82}"
EndProject
Global
	GlobalSection(SolutionConfigurationPlatforms) = preSolution
		Debug|Any CPU = Debug|Any CPU
		Release|Any CPU = Release|Any CPU
	EndGlobalSection
	GlobalSection(ProjectConfigurationPlatforms) = postSolution
		{C769079B-39F6-4656-A2DC-DBA30244B1FD}.Debug|Any CPU.ActiveCfg = Debug|Any CPU
		{C769079B-39F6-4656-A2DC-DBA30244B1FD}.Debug|Any CPU.Build.0 = Debug|Any CPU
		{C769079B-39F6-4656-A2DC-DBA30244B1FD}.Release|Any CPU.ActiveCfg = Release|Any CPU
		{C769079B-39F6-4656-A2DC-DBA30244B1FD}.Release|Any CPU.Build.0 = Release|Any CPU
		{E8682930-083C-46D2-B94E-50996BE41D82}.Debug|Any CPU.ActiveCfg = Debug|Any CPU
		{E8682930-083C-46D2-B94E-50996BE41D82}.Debug|Any CPU.Build.0 = Debug|Any CPU
		{E8682930-083C-46D2-B94E-50996BE41D82}.Release|Any CPU.ActiveCfg = Release|Any CPU
		{E8682930-083C-46D2-B94E-50996BE41D82}.Release|Any CPU.Build.0 = Release|Any CPU
	EndGlobalSection
	GlobalSection(SolutionProperties) = preSolution
		HideSolutionNode = FALSE
	EndGlobalSection
	GlobalSection(ExtensibilityGlobals) = postSolution
		SolutionGuid = {EF1B26BA-4BAD-442E-A3DC-937903F47526}
	EndGlobalSection
EndGlobal
